// !$*UTF8*$!
{
	archiveVersion = 1;
	classes = {
	};
	objectVersion = 77;
	objects = {

/* Begin PBXBuildFile section */
		094199B001941FE7EBE23445 /* Pods_RxSwiftCleanArchitectureMVVM_RxSwiftCleanArchitectureMVVMUITests.framework in Frameworks */ = {isa = PBXBuildFile; fileRef = B7CB9ADB17CE7FB33C01772A /* Pods_RxSwiftCleanArchitectureMVVM_RxSwiftCleanArchitectureMVVMUITests.framework */; };
		1A94A8B9FD515082381311E5 /* Pods_RxSwiftCleanArchitectureMVVM.framework in Frameworks */ = {isa = PBXBuildFile; fileRef = A44A0856C308FC72B0A09E10 /* Pods_RxSwiftCleanArchitectureMVVM.framework */; };
		7DA8544DB23058FE57C425EE /* Pods_RxSwiftCleanArchitectureMVVMTests.framework in Frameworks */ = {isa = PBXBuildFile; fileRef = 76726AADF5E6A5D86FB891F7 /* Pods_RxSwiftCleanArchitectureMVVMTests.framework */; };
/* End PBXBuildFile section */

/* Begin PBXContainerItemProxy section */
		040B2DDA2F079B9800D6AF39 /* PBXContainerItemProxy */ = {
			isa = PBXContainerItemProxy;
			containerPortal = 040B2DB82F079B9600D6AF39 /* Project object */;
			proxyType = 1;
			remoteGlobalIDString = 040B2DBF2F079B9600D6AF39;
			remoteInfo = RxSwiftCleanArchitectureMVVM;
		};
		040B2DE42F079B9800D6AF39 /* PBXContainerItemProxy */ = {
			isa = PBXContainerItemProxy;
			containerPortal = 040B2DB82F079B9600D6AF39 /* Project object */;
			proxyType = 1;
			remoteGlobalIDString = 040B2DBF2F079B9600D6AF39;
			remoteInfo = RxSwiftCleanArchitectureMVVM;
		};
/* End PBXContainerItemProxy section */

/* Begin PBXFileReference section */
		040B2DC02F079B9600D6AF39 /* RxSwiftCleanArchitectureMVVM.app */ = {isa = PBXFileReference; explicitFileType = wrapper.application; includeInIndex = 0; path = RxSwiftCleanArchitectureMVVM.app; sourceTree = BUILT_PRODUCTS_DIR; };
		040B2DD92F079B9800D6AF39 /* RxSwiftCleanArchitectureMVVMTests.xctest */ = {isa = PBXFileReference; explicitFileType = wrapper.cfbundle; includeInIndex = 0; path = RxSwiftCleanArchitectureMVVMTests.xctest; sourceTree = BUILT_PRODUCTS_DIR; };
		040B2DE32F079B9800D6AF39 /* RxSwiftCleanArchitectureMVVMUITests.xctest */ = {isa = PBXFileReference; explicitFileType = wrapper.cfbundle; includeInIndex = 0; path = RxSwiftCleanArchitectureMVVMUITests.xctest; sourceTree = BUILT_PRODUCTS_DIR; };
		205A11B7AAFB310CF4D6223A /* Pods-RxSwiftCleanArchitectureMVVM-RxSwiftCleanArchitectureMVVMUITests.debug.xcconfig */ = {isa = PBXFileReference; includeInIndex = 1; lastKnownFileType = text.xcconfig; name = "Pods-RxSwiftCleanArchitectureMVVM-RxSwiftCleanArchitectureMVVMUITests.debug.xcconfig"; path = "Target Support Files/Pods-RxSwiftCleanArchitectureMVVM-RxSwiftCleanArchitectureMVVMUITests/Pods-RxSwiftCleanArchitectureMVVM-RxSwiftCleanArchitectureMVVMUITests.debug.xcconfig"; sourceTree = "<group>"; };
		6FDFB702FE10E1F5185FCEDE /* Pods-RxSwiftCleanArchitectureMVVMTests.release.xcconfig */ = {isa = PBXFileReference; includeInIndex = 1; lastKnownFileType = text.xcconfig; name = "Pods-RxSwiftCleanArchitectureMVVMTests.release.xcconfig"; path = "Target Support Files/Pods-RxSwiftCleanArchitectureMVVMTests/Pods-RxSwiftCleanArchitectureMVVMTests.release.xcconfig"; sourceTree = "<group>"; };
		76726AADF5E6A5D86FB891F7 /* Pods_RxSwiftCleanArchitectureMVVMTests.framework */ = {isa = PBXFileReference; explicitFileType = wrapper.framework; includeInIndex = 0; path = Pods_RxSwiftCleanArchitectureMVVMTests.framework; sourceTree = BUILT_PRODUCTS_DIR; };
		94B8964552839F50FEC89787 /* Pods-RxSwiftCleanArchitectureMVVM.debug.xcconfig */ = {isa = PBXFileReference; includeInIndex = 1; lastKnownFileType = text.xcconfig; name = "Pods-RxSwiftCleanArchitectureMVVM.debug.xcconfig"; path = "Target Support Files/Pods-RxSwiftCleanArchitectureMVVM/Pods-RxSwiftCleanArchitectureMVVM.debug.xcconfig"; sourceTree = "<group>"; };
		99477C0C2C8FD9881E810EFD /* Pods-RxSwiftCleanArchitectureMVVM-RxSwiftCleanArchitectureMVVMUITests.release.xcconfig */ = {isa = PBXFileReference; includeInIndex = 1; lastKnownFileType = text.xcconfig; name = "Pods-RxSwiftCleanArchitectureMVVM-RxSwiftCleanArchitectureMVVMUITests.release.xcconfig"; path = "Target Support Files/Pods-RxSwiftCleanArchitectureMVVM-RxSwiftCleanArchitectureMVVMUITests/Pods-RxSwiftCleanArchitectureMVVM-RxSwiftCleanArchitectureMVVMUITests.release.xcconfig"; sourceTree = "<group>"; };
		A44A0856C308FC72B0A09E10 /* Pods_RxSwiftCleanArchitectureMVVM.framework */ = {isa = PBXFileReference; explicitFileType = wrapper.framework; includeInIndex = 0; path = Pods_RxSwiftCleanArchitectureMVVM.framework; sourceTree = BUILT_PRODUCTS_DIR; };
		B7CB9ADB17CE7FB33C01772A /* Pods_RxSwiftCleanArchitectureMVVM_RxSwiftCleanArchitectureMVVMUITests.framework */ = {isa = PBXFileReference; explicitFileType = wrapper.framework; includeInIndex = 0; path = Pods_RxSwiftCleanArchitectureMVVM_RxSwiftCleanArchitectureMVVMUITests.framework; sourceTree = BUILT_PRODUCTS_DIR; };
		DB0F27D1CB7E4163FF0DC4B8 /* Pods-RxSwiftCleanArchitectureMVVMTests.debug.xcconfig */ = {isa = PBXFileReference; includeInIndex = 1; lastKnownFileType = text.xcconfig; name = "Pods-RxSwiftCleanArchitectureMVVMTests.debug.xcconfig"; path = "Target Support Files/Pods-RxSwiftCleanArchitectureMVVMTests/Pods-RxSwiftCleanArchitectureMVVMTests.debug.xcconfig"; sourceTree = "<group>"; };
		E7187BD4F140D604D81A3FE6 /* Pods-RxSwiftCleanArchitectureMVVM.release.xcconfig */ = {isa = PBXFileReference; includeInIndex = 1; lastKnownFileType = text.xcconfig; name = "Pods-RxSwiftCleanArchitectureMVVM.release.xcconfig"; path = "Target Support Files/Pods-RxSwiftCleanArchitectureMVVM/Pods-RxSwiftCleanArchitectureMVVM.release.xcconfig"; sourceTree = "<group>"; };
/* End PBXFileReference section */

/* Begin PBXFileSystemSynchronizedBuildFileExceptionSet section */
		040B2DEB2F079B9800D6AF39 /* Exceptions for "RxSwiftCleanArchitectureMVVM" folder in "RxSwiftCleanArchitectureMVVM" target */ = {
			isa = PBXFileSystemSynchronizedBuildFileExceptionSet;
			membershipExceptions = (
				Info.plist,
			);
			target = 040B2DBF2F079B9600D6AF39 /* RxSwiftCleanArchitectureMVVM */;
		};
/* End PBXFileSystemSynchronizedBuildFileExceptionSet section */

/* Begin PBXFileSystemSynchronizedRootGroup section */
		040B2DC22F079B9600D6AF39 /* RxSwiftCleanArchitectureMVVM */ = {
			isa = PBXFileSystemSynchronizedRootGroup;
			exceptions = (
				040B2DEB2F079B9800D6AF39 /* Exceptions for "RxSwiftCleanArchitectureMVVM" folder in "RxSwiftCleanArchitectureMVVM" target */,
			);
			path = RxSwiftCleanArchitectureMVVM;
			sourceTree = "<group>";
		};
		040B2DDC2F079B9800D6AF39 /* RxSwiftCleanArchitectureMVVMTests */ = {
			isa = PBXFileSystemSynchronizedRootGroup;
			path = RxSwiftCleanArchitectureMVVMTests;
			sourceTree = "<group>";
		};
		040B2DE62F079B9800D6AF39 /* RxSwiftCleanArchitectureMVVMUITests */ = {
			isa = PBXFileSystemSynchronizedRootGroup;
			path = RxSwiftCleanArchitectureMVVMUITests;
			sourceTree = "<group>";
		};
/* End PBXFileSystemSynchronizedRootGroup section */

/* Begin PBXFrameworksBuildPhase section */
		040B2DBD2F079B9600D6AF39 /* Frameworks */ = {
			isa = PBXFrameworksBuildPhase;
			buildActionMask = 2147483647;
			files = (
				1A94A8B9FD515082381311E5 /* Pods_RxSwiftCleanArchitectureMVVM.framework in Frameworks */,
			);
			runOnlyForDeploymentPostprocessing = 0;
		};
		040B2DD62F079B9800D6AF39 /* Frameworks */ = {
			isa = PBXFrameworksBuildPhase;
			buildActionMask = 2147483647;
			files = (
				7DA8544DB23058FE57C425EE /* Pods_RxSwiftCleanArchitectureMVVMTests.framework in Frameworks */,
			);
			runOnlyForDeploymentPostprocessing = 0;
		};
		040B2DE02F079B9800D6AF39 /* Frameworks */ = {
			isa = PBXFrameworksBuildPhase;
			buildActionMask = 2147483647;
			files = (
				094199B001941FE7EBE23445 /* Pods_RxSwiftCleanArchitectureMVVM_RxSwiftCleanArchitectureMVVMUITests.framework in Frameworks */,
			);
			runOnlyForDeploymentPostprocessing = 0;
		};
/* End PBXFrameworksBuildPhase section */

/* Begin PBXGroup section */
		040B2DB72F079B9600D6AF39 = {
			isa = PBXGroup;
			children = (
				040B2DC22F079B9600D6AF39 /* RxSwiftCleanArchitectureMVVM */,
				040B2DDC2F079B9800D6AF39 /* RxSwiftCleanArchitectureMVVMTests */,
				040B2DE62F079B9800D6AF39 /* RxSwiftCleanArchitectureMVVMUITests */,
				040B2DC12F079B9600D6AF39 /* Products */,
				E47E1026C6D7DCF39BFFB367 /* Pods */,
				F7715EC413AE6A2D26263F24 /* Frameworks */,
			);
			sourceTree = "<group>";
		};
		040B2DC12F079B9600D6AF39 /* Products */ = {
			isa = PBXGroup;
			children = (
				040B2DC02F079B9600D6AF39 /* RxSwiftCleanArchitectureMVVM.app */,
				040B2DD92F079B9800D6AF39 /* RxSwiftCleanArchitectureMVVMTests.xctest */,
				040B2DE32F079B9800D6AF39 /* RxSwiftCleanArchitectureMVVMUITests.xctest */,
			);
			name = Products;
			sourceTree = "<group>";
		};
		E47E1026C6D7DCF39BFFB367 /* Pods */ = {
			isa = PBXGroup;
			children = (
				94B8964552839F50FEC89787 /* Pods-RxSwiftCleanArchitectureMVVM.debug.xcconfig */,
				E7187BD4F140D604D81A3FE6 /* Pods-RxSwiftCleanArchitectureMVVM.release.xcconfig */,
				205A11B7AAFB310CF4D6223A /* Pods-RxSwiftCleanArchitectureMVVM-RxSwiftCleanArchitectureMVVMUITests.debug.xcconfig */,
				99477C0C2C8FD9881E810EFD /* Pods-RxSwiftCleanArchitectureMVVM-RxSwiftCleanArchitectureMVVMUITests.release.xcconfig */,
				DB0F27D1CB7E4163FF0DC4B8 /* Pods-RxSwiftCleanArchitectureMVVMTests.debug.xcconfig */,
				6FDFB702FE10E1F5185FCEDE /* Pods-RxSwiftCleanArchitectureMVVMTests.release.xcconfig */,
			);
			path = Pods;
			sourceTree = "<group>";
		};
		F7715EC413AE6A2D26263F24 /* Frameworks */ = {
			isa = PBXGroup;
			children = (
				A44A0856C308FC72B0A09E10 /* Pods_RxSwiftCleanArchitectureMVVM.framework */,
				B7CB9ADB17CE7FB33C01772A /* Pods_RxSwiftCleanArchitectureMVVM_RxSwiftCleanArchitectureMVVMUITests.framework */,
				76726AADF5E6A5D86FB891F7 /* Pods_RxSwiftCleanArchitectureMVVMTests.framework */,
			);
			name = Frameworks;
			sourceTree = "<group>";
		};
/* End PBXGroup section */

/* Begin PBXNativeTarget section */
		040B2DBF2F079B9600D6AF39 /* RxSwiftCleanArchitectureMVVM */ = {
			isa = PBXNativeTarget;
			buildConfigurationList = 040B2DEC2F079B9800D6AF39 /* Build configuration list for PBXNativeTarget "RxSwiftCleanArchitectureMVVM" */;
			buildPhases = (
				2496A46F320EA6EE7B725E0F /* [CP] Check Pods Manifest.lock */,
				040B2DBC2F079B9600D6AF39 /* Sources */,
				040B2DBD2F079B9600D6AF39 /* Frameworks */,
				040B2DBE2F079B9600D6AF39 /* Resources */,
				F7B719B82EA47044716C0692 /* [CP] Embed Pods Frameworks */,
			);
			buildRules = (
			);
			dependencies = (
			);
			fileSystemSynchronizedGroups = (
				040B2DC22F079B9600D6AF39 /* RxSwiftCleanArchitectureMVVM */,
			);
			name = RxSwiftCleanArchitectureMVVM;
			productName = RxSwiftCleanArchitectureMVVM;
			productReference = 040B2DC02F079B9600D6AF39 /* RxSwiftCleanArchitectureMVVM.app */;
			productType = "com.apple.product-type.application";
		};
		040B2DD82F079B9800D6AF39 /* RxSwiftCleanArchitectureMVVMTests */ = {
			isa = PBXNativeTarget;
			buildConfigurationList = 040B2DF12F079B9800D6AF39 /* Build configuration list for PBXNativeTarget "RxSwiftCleanArchitectureMVVMTests" */;
			buildPhases = (
				95B8F46E2B90799C06664BFD /* [CP] Check Pods Manifest.lock */,
				040B2DD52F079B9800D6AF39 /* Sources */,
				040B2DD62F079B9800D6AF39 /* Frameworks */,
				040B2DD72F079B9800D6AF39 /* Resources */,
			);
			buildRules = (
			);
			dependencies = (
				040B2DDB2F079B9800D6AF39 /* PBXTargetDependency */,
			);
			fileSystemSynchronizedGroups = (
				040B2DDC2F079B9800D6AF39 /* RxSwiftCleanArchitectureMVVMTests */,
			);
			name = RxSwiftCleanArchitectureMVVMTests;
			productName = RxSwiftCleanArchitectureMVVMTests;
			productReference = 040B2DD92F079B9800D6AF39 /* RxSwiftCleanArchitectureMVVMTests.xctest */;
			productType = "com.apple.product-type.bundle.unit-test";
		};
		040B2DE22F079B9800D6AF39 /* RxSwiftCleanArchitectureMVVMUITests */ = {
			isa = PBXNativeTarget;
			buildConfigurationList = 040B2DF42F079B9800D6AF39 /* Build configuration list for PBXNativeTarget "RxSwiftCleanArchitectureMVVMUITests" */;
			buildPhases = (
				4176CB7ACB4202570115D610 /* [CP] Check Pods Manifest.lock */,
				040B2DDF2F079B9800D6AF39 /* Sources */,
				040B2DE02F079B9800D6AF39 /* Frameworks */,
				040B2DE12F079B9800D6AF39 /* Resources */,
				B028DDCBBC2C5F50B33FA8E2 /* [CP] Embed Pods Frameworks */,
			);
			buildRules = (
			);
			dependencies = (
				040B2DE52F079B9800D6AF39 /* PBXTargetDependency */,
			);
			fileSystemSynchronizedGroups = (
				040B2DE62F079B9800D6AF39 /* RxSwiftCleanArchitectureMVVMUITests */,
			);
			name = RxSwiftCleanArchitectureMVVMUITests;
			productName = RxSwiftCleanArchitectureMVVMUITests;
			productReference = 040B2DE32F079B9800D6AF39 /* RxSwiftCleanArchitectureMVVMUITests.xctest */;
			productType = "com.apple.product-type.bundle.ui-testing";
		};
/* End PBXNativeTarget section */

/* Begin PBXProject section */
		040B2DB82F079B9600D6AF39 /* Project object */ = {
			isa = PBXProject;
			attributes = {
				BuildIndependentTargetsInParallel = 1;
				LastSwiftUpdateCheck = 1640;
				LastUpgradeCheck = 1640;
				TargetAttributes = {
					040B2DBF2F079B9600D6AF39 = {
						CreatedOnToolsVersion = 16.4;
					};
					040B2DD82F079B9800D6AF39 = {
						CreatedOnToolsVersion = 16.4;
						TestTargetID = 040B2DBF2F079B9600D6AF39;
					};
					040B2DE22F079B9800D6AF39 = {
						CreatedOnToolsVersion = 16.4;
						TestTargetID = 040B2DBF2F079B9600D6AF39;
					};
				};
			};
			buildConfigurationList = 040B2DBB2F079B9600D6AF39 /* Build configuration list for PBXProject "RxSwiftCleanArchitectureMVVM" */;
			developmentRegion = en;
			hasScannedForEncodings = 0;
			knownRegions = (
				en,
				Base,
			);
			mainGroup = 040B2DB72F079B9600D6AF39;
			minimizedProjectReferenceProxies = 1;
			preferredProjectObjectVersion = 77;
			productRefGroup = 040B2DC12F079B9600D6AF39 /* Products */;
			projectDirPath = "";
			projectRoot = "";
			targets = (
				040B2DBF2F079B9600D6AF39 /* RxSwiftCleanArchitectureMVVM */,
				040B2DD82F079B9800D6AF39 /* RxSwiftCleanArchitectureMVVMTests */,
				040B2DE22F079B9800D6AF39 /* RxSwiftCleanArchitectureMVVMUITests */,
			);
		};
/* End PBXProject section */

/* Begin PBXResourcesBuildPhase section */
		040B2DBE2F079B9600D6AF39 /* Resources */ = {
			isa = PBXResourcesBuildPhase;
			buildActionMask = 2147483647;
			files = (
			);
			runOnlyForDeploymentPostprocessing = 0;
		};
		040B2DD72F079B9800D6AF39 /* Resources */ = {
			isa = PBXResourcesBuildPhase;
			buildActionMask = 2147483647;
			files = (
			);
			runOnlyForDeploymentPostprocessing = 0;
		};
		040B2DE12F079B9800D6AF39 /* Resources */ = {
			isa = PBXResourcesBuildPhase;
			buildActionMask = 2147483647;
			files = (
			);
			runOnlyForDeploymentPostprocessing = 0;
		};
/* End PBXResourcesBuildPhase section */

/* Begin PBXShellScriptBuildPhase section */
		2496A46F320EA6EE7B725E0F /* [CP] Check Pods Manifest.lock */ = {
			isa = PBXShellScriptBuildPhase;
			buildActionMask = 2147483647;
			files = (
			);
			inputFileListPaths = (
			);
			inputPaths = (
				"${PODS_PODFILE_DIR_PATH}/Podfile.lock",
				"${PODS_ROOT}/Manifest.lock",
			);
			name = "[CP] Check Pods Manifest.lock";
			outputFileListPaths = (
			);
			outputPaths = (
				"$(DERIVED_FILE_DIR)/Pods-RxSwiftCleanArchitectureMVVM-checkManifestLockResult.txt",
			);
			runOnlyForDeploymentPostprocessing = 0;
			shellPath = /bin/sh;
			shellScript = "diff \"${PODS_PODFILE_DIR_PATH}/Podfile.lock\" \"${PODS_ROOT}/Manifest.lock\" > /dev/null\nif [ $? != 0 ] ; then\n    # print error to STDERR\n    echo \"error: The sandbox is not in sync with the Podfile.lock. Run 'pod install' or update your CocoaPods installation.\" >&2\n    exit 1\nfi\n# This output is used by Xcode 'outputs' to avoid re-running this script phase.\necho \"SUCCESS\" > \"${SCRIPT_OUTPUT_FILE_0}\"\n";
			showEnvVarsInLog = 0;
		};
		4176CB7ACB4202570115D610 /* [CP] Check Pods Manifest.lock */ = {
			isa = PBXShellScriptBuildPhase;
			buildActionMask = 2147483647;
			files = (
			);
			inputFileListPaths = (
			);
			inputPaths = (
				"${PODS_PODFILE_DIR_PATH}/Podfile.lock",
				"${PODS_ROOT}/Manifest.lock",
			);
			name = "[CP] Check Pods Manifest.lock";
			outputFileListPaths = (
			);
			outputPaths = (
				"$(DERIVED_FILE_DIR)/Pods-RxSwiftCleanArchitectureMVVM-RxSwiftCleanArchitectureMVVMUITests-checkManifestLockResult.txt",
			);
			runOnlyForDeploymentPostprocessing = 0;
			shellPath = /bin/sh;
			shellScript = "diff \"${PODS_PODFILE_DIR_PATH}/Podfile.lock\" \"${PODS_ROOT}/Manifest.lock\" > /dev/null\nif [ $? != 0 ] ; then\n    # print error to STDERR\n    echo \"error: The sandbox is not in sync with the Podfile.lock. Run 'pod install' or update your CocoaPods installation.\" >&2\n    exit 1\nfi\n# This output is used by Xcode 'outputs' to avoid re-running this script phase.\necho \"SUCCESS\" > \"${SCRIPT_OUTPUT_FILE_0}\"\n";
			showEnvVarsInLog = 0;
		};
		95B8F46E2B90799C06664BFD /* [CP] Check Pods Manifest.lock */ = {
			isa = PBXShellScriptBuildPhase;
			buildActionMask = 2147483647;
			files = (
			);
			inputFileListPaths = (
			);
			inputPaths = (
				"${PODS_PODFILE_DIR_PATH}/Podfile.lock",
				"${PODS_ROOT}/Manifest.lock",
			);
			name = "[CP] Check Pods Manifest.lock";
			outputFileListPaths = (
			);
			outputPaths = (
				"$(DERIVED_FILE_DIR)/Pods-RxSwiftCleanArchitectureMVVMTests-checkManifestLockResult.txt",
			);
			runOnlyForDeploymentPostprocessing = 0;
			shellPath = /bin/sh;
			shellScript = "diff \"${PODS_PODFILE_DIR_PATH}/Podfile.lock\" \"${PODS_ROOT}/Manifest.lock\" > /dev/null\nif [ $? != 0 ] ; then\n    # print error to STDERR\n    echo \"error: The sandbox is not in sync with the Podfile.lock. Run 'pod install' or update your CocoaPods installation.\" >&2\n    exit 1\nfi\n# This output is used by Xcode 'outputs' to avoid re-running this script phase.\necho \"SUCCESS\" > \"${SCRIPT_OUTPUT_FILE_0}\"\n";
			showEnvVarsInLog = 0;
		};
		B028DDCBBC2C5F50B33FA8E2 /* [CP] Embed Pods Frameworks */ = {
			isa = PBXShellScriptBuildPhase;
			buildActionMask = 2147483647;
			files = (
			);
			inputFileListPaths = (
				"${PODS_ROOT}/Target Support Files/Pods-RxSwiftCleanArchitectureMVVM-RxSwiftCleanArchitectureMVVMUITests/Pods-RxSwiftCleanArchitectureMVVM-RxSwiftCleanArchitectureMVVMUITests-frameworks-${CONFIGURATION}-input-files.xcfilelist",
			);
			inputPaths = (
			);
			name = "[CP] Embed Pods Frameworks";
			outputFileListPaths = (
				"${PODS_ROOT}/Target Support Files/Pods-RxSwiftCleanArchitectureMVVM-RxSwiftCleanArchitectureMVVMUITests/Pods-RxSwiftCleanArchitectureMVVM-RxSwiftCleanArchitectureMVVMUITests-frameworks-${CONFIGURATION}-output-files.xcfilelist",
			);
			outputPaths = (
			);
			runOnlyForDeploymentPostprocessing = 0;
			shellPath = /bin/sh;
			shellScript = "\"${PODS_ROOT}/Target Support Files/Pods-RxSwiftCleanArchitectureMVVM-RxSwiftCleanArchitectureMVVMUITests/Pods-RxSwiftCleanArchitectureMVVM-RxSwiftCleanArchitectureMVVMUITests-frameworks.sh\"\n";
			showEnvVarsInLog = 0;
		};
		F7B719B82EA47044716C0692 /* [CP] Embed Pods Frameworks */ = {
			isa = PBXShellScriptBuildPhase;
			buildActionMask = 2147483647;
			files = (
			);
			inputFileListPaths = (
				"${PODS_ROOT}/Target Support Files/Pods-RxSwiftCleanArchitectureMVVM/Pods-RxSwiftCleanArchitectureMVVM-frameworks-${CONFIGURATION}-input-files.xcfilelist",
			);
			inputPaths = (
			);
			name = "[CP] Embed Pods Frameworks";
			outputFileListPaths = (
				"${PODS_ROOT}/Target Support Files/Pods-RxSwiftCleanArchitectureMVVM/Pods-RxSwiftCleanArchitectureMVVM-frameworks-${CONFIGURATION}-output-files.xcfilelist",
			);
			outputPaths = (
			);
			runOnlyForDeploymentPostprocessing = 0;
			shellPath = /bin/sh;
			shellScript = "\"${PODS_ROOT}/Target Support Files/Pods-RxSwiftCleanArchitectureMVVM/Pods-RxSwiftCleanArchitectureMVVM-frameworks.sh\"\n";
			showEnvVarsInLog = 0;
		};
/* End PBXShellScriptBuildPhase section */

/* Begin PBXSourcesBuildPhase section */
		040B2DBC2F079B9600D6AF39 /* Sources */ = {
			isa = PBXSourcesBuildPhase;
			buildActionMask = 2147483647;
			files = (
			);
			runOnlyForDeploymentPostprocessing = 0;
		};
		040B2DD52F079B9800D6AF39 /* Sources */ = {
			isa = PBXSourcesBuildPhase;
			buildActionMask = 2147483647;
			files = (
			);
			runOnlyForDeploymentPostprocessing = 0;
		};
		040B2DDF2F079B9800D6AF39 /* Sources */ = {
			isa = PBXSourcesBuildPhase;
			buildActionMask = 2147483647;
			files = (
			);
			runOnlyForDeploymentPostprocessing = 0;
		};
/* End PBXSourcesBuildPhase section */

/* Begin PBXTargetDependency section */
		040B2DDB2F079B9800D6AF39 /* PBXTargetDependency */ = {
			isa = PBXTargetDependency;
			target = 040B2DBF2F079B9600D6AF39 /* RxSwiftCleanArchitectureMVVM */;
			targetProxy = 040B2DDA2F079B9800D6AF39 /* PBXContainerItemProxy */;
		};
		040B2DE52F079B9800D6AF39 /* PBXTargetDependency */ = {
			isa = PBXTargetDependency;
			target = 040B2DBF2F079B9600D6AF39 /* RxSwiftCleanArchitectureMVVM */;
			targetProxy = 040B2DE42F079B9800D6AF39 /* PBXContainerItemProxy */;
		};
/* End PBXTargetDependency section */

/* Begin XCBuildConfiguration section */
		040B2DED2F079B9800D6AF39 /* Debug */ = {
			isa = XCBuildConfiguration;
			baseConfigurationReference = 94B8964552839F50FEC89787 /* Pods-RxSwiftCleanArchitectureMVVM.debug.xcconfig */;
			buildSettings = {
				ASSETCATALOG_COMPILER_APPICON_NAME = AppIcon;
				ASSETCATALOG_COMPILER_GLOBAL_ACCENT_COLOR_NAME = AccentColor;
				CODE_SIGN_STYLE = Automatic;
				CURRENT_PROJECT_VERSION = 1;
				DEVELOPMENT_TEAM = J9BV8YBM8V;
				GENERATE_INFOPLIST_FILE = YES;
				INFOPLIST_FILE = RxSwiftCleanArchitectureMVVM/Info.plist;
				INFOPLIST_KEY_UIApplicationSupportsIndirectInputEvents = YES;
				INFOPLIST_KEY_UILaunchStoryboardName = LaunchScreen;
				INFOPLIST_KEY_UIMainStoryboardFile = Main;
				INFOPLIST_KEY_UISupportedInterfaceOrientations_iPad = "UIInterfaceOrientationPortrait UIInterfaceOrientationPortraitUpsideDown UIInterfaceOrientationLandscapeLeft UIInterfaceOrientationLandscapeRight";
				INFOPLIST_KEY_UISupportedInterfaceOrientations_iPhone = "UIInterfaceOrientationPortrait UIInterfaceOrientationLandscapeLeft UIInterfaceOrientationLandscapeRight";
				LD_RUNPATH_SEARCH_PATHS = (
					"$(inherited)",
					"@executable_path/Frameworks",
				);
				MARKETING_VERSION = 1.0;
				PRODUCT_BUNDLE_IDENTIFIER = clapbin.RxSwiftCleanArchitectureMVVM;
				PRODUCT_NAME = "$(TARGET_NAME)";
				SUPPORTED_PLATFORMS = "iphoneos iphonesimulator";
				SUPPORTS_MACCATALYST = NO;
				SUPPORTS_MAC_DESIGNED_FOR_IPHONE_IPAD = NO;
				SUPPORTS_XR_DESIGNED_FOR_IPHONE_IPAD = NO;
				SWIFT_EMIT_LOC_STRINGS = YES;
				SWIFT_VERSION = 5.0;
				TARGETED_DEVICE_FAMILY = "1,2";
			};
			name = Debug;
		};
		040B2DEE2F079B9800D6AF39 /* Release */ = {
			isa = XCBuildConfiguration;
			baseConfigurationReference = E7187BD4F140D604D81A3FE6 /* Pods-RxSwiftCleanArchitectureMVVM.release.xcconfig */;
			buildSettings = {
				ASSETCATALOG_COMPILER_APPICON_NAME = AppIcon;
				ASSETCATALOG_COMPILER_GLOBAL_ACCENT_COLOR_NAME = AccentColor;
				CODE_SIGN_STYLE = Automatic;
				CURRENT_PROJECT_VERSION = 1;
				DEVELOPMENT_TEAM = J9BV8YBM8V;
				GENERATE_INFOPLIST_FILE = YES;
				INFOPLIST_FILE = RxSwiftCleanArchitectureMVVM/Info.plist;
				INFOPLIST_KEY_UIApplicationSupportsIndirectInputEvents = YES;
				INFOPLIST_KEY_UILaunchStoryboardName = LaunchScreen;
				INFOPLIST_KEY_UIMainStoryboardFile = Main;
				INFOPLIST_KEY_UISupportedInterfaceOrientations_iPad = "UIInterfaceOrientationPortrait UIInterfaceOrientationPortraitUpsideDown UIInterfaceOrientationLandscapeLeft UIInterfaceOrientationLandscapeRight";
				INFOPLIST_KEY_UISupportedInterfaceOrientations_iPhone = "UIInterfaceOrientationPortrait UIInterfaceOrientationLandscapeLeft UIInterfaceOrientationLandscapeRight";
				LD_RUNPATH_SEARCH_PATHS = (
					"$(inherited)",
					"@executable_path/Frameworks",
				);
				MARKETING_VERSION = 1.0;
				PRODUCT_BUNDLE_IDENTIFIER = clapbin.RxSwiftCleanArchitectureMVVM;
				PRODUCT_NAME = "$(TARGET_NAME)";
				SUPPORTED_PLATFORMS = "iphoneos iphonesimulator";
				SUPPORTS_MACCATALYST = NO;
				SUPPORTS_MAC_DESIGNED_FOR_IPHONE_IPAD = NO;
				SUPPORTS_XR_DESIGNED_FOR_IPHONE_IPAD = NO;
				SWIFT_EMIT_LOC_STRINGS = YES;
				SWIFT_VERSION = 5.0;
				TARGETED_DEVICE_FAMILY = "1,2";
			};
			name = Release;
		};
		040B2DEF2F079B9800D6AF39 /* Debug */ = {
			isa = XCBuildConfiguration;
			buildSettings = {
				ALWAYS_SEARCH_USER_PATHS = NO;
				ASSETCATALOG_COMPILER_GENERATE_SWIFT_ASSET_SYMBOL_EXTENSIONS = YES;
				CLANG_ANALYZER_NONNULL = YES;
				CLANG_ANALYZER_NUMBER_OBJECT_CONVERSION = YES_AGGRESSIVE;
				CLANG_CXX_LANGUAGE_STANDARD = "gnu++20";
				CLANG_ENABLE_MODULES = YES;
				CLANG_ENABLE_OBJC_ARC = YES;
				CLANG_ENABLE_OBJC_WEAK = YES;
				CLANG_WARN_BLOCK_CAPTURE_AUTORELEASING = YES;
				CLANG_WARN_BOOL_CONVERSION = YES;
				CLANG_WARN_COMMA = YES;
				CLANG_WARN_CONSTANT_CONVERSION = YES;
				CLANG_WARN_DEPRECATED_OBJC_IMPLEMENTATIONS = YES;
				CLANG_WARN_DIRECT_OBJC_ISA_USAGE = YES_ERROR;
				CLANG_WARN_DOCUMENTATION_COMMENTS = YES;
				CLANG_WARN_EMPTY_BODY = YES;
				CLANG_WARN_ENUM_CONVERSION = YES;
				CLANG_WARN_INFINITE_RECURSION = YES;
				CLANG_WARN_INT_CONVERSION = YES;
				CLANG_WARN_NON_LITERAL_NULL_CONVERSION = YES;
				CLANG_WARN_OBJC_IMPLICIT_RETAIN_SELF = YES;
				CLANG_WARN_OBJC_LITERAL_CONVERSION = YES;
				CLANG_WARN_OBJC_ROOT_CLASS = YES_ERROR;
				CLANG_WARN_QUOTED_INCLUDE_IN_FRAMEWORK_HEADER = YES;
				CLANG_WARN_RANGE_LOOP_ANALYSIS = YES;
				CLANG_WARN_STRICT_PROTOTYPES = YES;
				CLANG_WARN_SUSPICIOUS_MOVE = YES;
				CLANG_WARN_UNGUARDED_AVAILABILITY = YES_AGGRESSIVE;
				CLANG_WARN_UNREACHABLE_CODE = YES;
				CLANG_WARN__DUPLICATE_METHOD_MATCH = YES;
				COPY_PHASE_STRIP = NO;
				DEBUG_INFORMATION_FORMAT = dwarf;
				ENABLE_STRICT_OBJC_MSGSEND = YES;
				ENABLE_TESTABILITY = YES;
				ENABLE_USER_SCRIPT_SANDBOXING = NO;
				GCC_C_LANGUAGE_STANDARD = gnu17;
				GCC_DYNAMIC_NO_PIC = NO;
				GCC_NO_COMMON_BLOCKS = YES;
				GCC_OPTIMIZATION_LEVEL = 0;
				GCC_PREPROCESSOR_DEFINITIONS = (
					"DEBUG=1",
					"$(inherited)",
				);
				GCC_WARN_64_TO_32_BIT_CONVERSION = YES;
				GCC_WARN_ABOUT_RETURN_TYPE = YES_ERROR;
				GCC_WARN_UNDECLARED_SELECTOR = YES;
				GCC_WARN_UNINITIALIZED_AUTOS = YES_AGGRESSIVE;
				GCC_WARN_UNUSED_FUNCTION = YES;
				GCC_WARN_UNUSED_VARIABLE = YES;
				IPHONEOS_DEPLOYMENT_TARGET = 18.5;
				LOCALIZATION_PREFERS_STRING_CATALOGS = YES;
				MTL_ENABLE_DEBUG_INFO = INCLUDE_SOURCE;
				MTL_FAST_MATH = YES;
				ONLY_ACTIVE_ARCH = YES;
				SDKROOT = iphoneos;
				SWIFT_ACTIVE_COMPILATION_CONDITIONS = "DEBUG $(inherited)";
				SWIFT_OPTIMIZATION_LEVEL = "-Onone";
			};
			name = Debug;
		};
		040B2DF02F079B9800D6AF39 /* Release */ = {
			isa = XCBuildConfiguration;
			buildSettings = {
				ALWAYS_SEARCH_USER_PATHS = NO;
				ASSETCATALOG_COMPILER_GENERATE_SWIFT_ASSET_SYMBOL_EXTENSIONS = YES;
				CLANG_ANALYZER_NONNULL = YES;
				CLANG_ANALYZER_NUMBER_OBJECT_CONVERSION = YES_AGGRESSIVE;
				CLANG_CXX_LANGUAGE_STANDARD = "gnu++20";
				CLANG_ENABLE_MODULES = YES;
				CLANG_ENABLE_OBJC_ARC = YES;
				CLANG_ENABLE_OBJC_WEAK = YES;
				CLANG_WARN_BLOCK_CAPTURE_AUTORELEASING = YES;
				CLANG_WARN_BOOL_CONVERSION = YES;
				CLANG_WARN_COMMA = YES;
				CLANG_WARN_CONSTANT_CONVERSION = YES;
				CLANG_WARN_DEPRECATED_OBJC_IMPLEMENTATIONS = YES;
				CLANG_WARN_DIRECT_OBJC_ISA_USAGE = YES_ERROR;
				CLANG_WARN_DOCUMENTATION_COMMENTS = YES;
				CLANG_WARN_EMPTY_BODY = YES;
				CLANG_WARN_ENUM_CONVERSION = YES;
				CLANG_WARN_INFINITE_RECURSION = YES;
				CLANG_WARN_INT_CONVERSION = YES;
				CLANG_WARN_NON_LITERAL_NULL_CONVERSION = YES;
				CLANG_WARN_OBJC_IMPLICIT_RETAIN_SELF = YES;
				CLANG_WARN_OBJC_LITERAL_CONVERSION = YES;
				CLANG_WARN_OBJC_ROOT_CLASS = YES_ERROR;
				CLANG_WARN_QUOTED_INCLUDE_IN_FRAMEWORK_HEADER = YES;
				CLANG_WARN_RANGE_LOOP_ANALYSIS = YES;
				CLANG_WARN_STRICT_PROTOTYPES = YES;
				CLANG_WARN_SUSPICIOUS_MOVE = YES;
				CLANG_WARN_UNGUARDED_AVAILABILITY = YES_AGGRESSIVE;
				CLANG_WARN_UNREACHABLE_CODE = YES;
				CLANG_WARN__DUPLICATE_METHOD_MATCH = YES;
				COPY_PHASE_STRIP = NO;
				DEBUG_INFORMATION_FORMAT = "dwarf-with-dsym";
				ENABLE_NS_ASSERTIONS = NO;
				ENABLE_STRICT_OBJC_MSGSEND = YES;
				ENABLE_USER_SCRIPT_SANDBOXING = NO;
				GCC_C_LANGUAGE_STANDARD = gnu17;
				GCC_NO_COMMON_BLOCKS = YES;
				GCC_WARN_64_TO_32_BIT_CONVERSION = YES;
				GCC_WARN_ABOUT_RETURN_TYPE = YES_ERROR;
				GCC_WARN_UNDECLARED_SELECTOR = YES;
				GCC_WARN_UNINITIALIZED_AUTOS = YES_AGGRESSIVE;
				GCC_WARN_UNUSED_FUNCTION = YES;
				GCC_WARN_UNUSED_VARIABLE = YES;
				IPHONEOS_DEPLOYMENT_TARGET = 18.5;
				LOCALIZATION_PREFERS_STRING_CATALOGS = YES;
				MTL_ENABLE_DEBUG_INFO = NO;
				MTL_FAST_MATH = YES;
				SDKROOT = iphoneos;
				SWIFT_COMPILATION_MODE = wholemodule;
				VALIDATE_PRODUCT = YES;
			};
			name = Release;
		};
		040B2DF22F079B9800D6AF39 /* Debug */ = {
			isa = XCBuildConfiguration;
			baseConfigurationReference = DB0F27D1CB7E4163FF0DC4B8 /* Pods-RxSwiftCleanArchitectureMVVMTests.debug.xcconfig */;
			buildSettings = {
				BUNDLE_LOADER = "$(TEST_HOST)";
				CODE_SIGN_STYLE = Automatic;
				CURRENT_PROJECT_VERSION = 1;
				GENERATE_INFOPLIST_FILE = YES;
				IPHONEOS_DEPLOYMENT_TARGET = 18.5;
				MARKETING_VERSION = 1.0;
				PRODUCT_BUNDLE_IDENTIFIER = clapbin.RxSwiftCleanArchitectureMVVMTests;
				PRODUCT_NAME = "$(TARGET_NAME)";
				SWIFT_EMIT_LOC_STRINGS = NO;
				SWIFT_VERSION = 5.0;
				TARGETED_DEVICE_FAMILY = "1,2";
				TEST_HOST = "$(BUILT_PRODUCTS_DIR)/RxSwiftCleanArchitectureMVVM.app/$(BUNDLE_EXECUTABLE_FOLDER_PATH)/RxSwiftCleanArchitectureMVVM";
			};
			name = Debug;
		};
		040B2DF32F079B9800D6AF39 /* Release */ = {
			isa = XCBuildConfiguration;
			baseConfigurationReference = 6FDFB702FE10E1F5185FCEDE /* Pods-RxSwiftCleanArchitectureMVVMTests.release.xcconfig */;
			buildSettings = {
				BUNDLE_LOADER = "$(TEST_HOST)";
				CODE_SIGN_STYLE = Automatic;
				CURRENT_PROJECT_VERSION = 1;
				GENERATE_INFOPLIST_FILE = YES;
				IPHONEOS_DEPLOYMENT_TARGET = 18.5;
				MARKETING_VERSION = 1.0;
				PRODUCT_BUNDLE_IDENTIFIER = clapbin.RxSwiftCleanArchitectureMVVMTests;
				PRODUCT_NAME = "$(TARGET_NAME)";
				SWIFT_EMIT_LOC_STRINGS = NO;
				SWIFT_VERSION = 5.0;
				TARGETED_DEVICE_FAMILY = "1,2";
				TEST_HOST = "$(BUILT_PRODUCTS_DIR)/RxSwiftCleanArchitectureMVVM.app/$(BUNDLE_EXECUTABLE_FOLDER_PATH)/RxSwiftCleanArchitectureMVVM";
			};
			name = Release;
		};
		040B2DF52F079B9800D6AF39 /* Debug */ = {
			isa = XCBuildConfiguration;
			baseConfigurationReference = 205A11B7AAFB310CF4D6223A /* Pods-RxSwiftCleanArchitectureMVVM-RxSwiftCleanArchitectureMVVMUITests.debug.xcconfig */;
			buildSettings = {
				CODE_SIGN_STYLE = Automatic;
				CURRENT_PROJECT_VERSION = 1;
				GENERATE_INFOPLIST_FILE = YES;
				MARKETING_VERSION = 1.0;
				PRODUCT_BUNDLE_IDENTIFIER = clapbin.RxSwiftCleanArchitectureMVVMUITests;
				PRODUCT_NAME = "$(TARGET_NAME)";
				SWIFT_EMIT_LOC_STRINGS = NO;
				SWIFT_VERSION = 5.0;
				TARGETED_DEVICE_FAMILY = "1,2";
				TEST_TARGET_NAME = RxSwiftCleanArchitectureMVVM;
			};
			name = Debug;
		};
		040B2DF62F079B9800D6AF39 /* Release */ = {
			isa = XCBuildConfiguration;
			baseConfigurationReference = 99477C0C2C8FD9881E810EFD /* Pods-RxSwiftCleanArchitectureMVVM-RxSwiftCleanArchitectureMVVMUITests.release.xcconfig */;
			buildSettings = {
				CODE_SIGN_STYLE = Automatic;
				CURRENT_PROJECT_VERSION = 1;
				GENERATE_INFOPLIST_FILE = YES;
				MARKETING_VERSION = 1.0;
				PRODUCT_BUNDLE_IDENTIFIER = clapbin.RxSwiftCleanArchitectureMVVMUITests;
				PRODUCT_NAME = "$(TARGET_NAME)";
				SWIFT_EMIT_LOC_STRINGS = NO;
				SWIFT_VERSION = 5.0;
				TARGETED_DEVICE_FAMILY = "1,2";
				TEST_TARGET_NAME = RxSwiftCleanArchitectureMVVM;
			};
			name = Release;
		};
/* End XCBuildConfiguration section */

/* Begin XCConfigurationList section */
		040B2DBB2F079B9600D6AF39 /* Build configuration list for PBXProject "RxSwiftCleanArchitectureMVVM" */ = {
			isa = XCConfigurationList;
			buildConfigurations = (
				040B2DEF2F079B9800D6AF39 /* Debug */,
				040B2DF02F079B9800D6AF39 /* Release */,
			);
			defaultConfigurationIsVisible = 0;
			defaultConfigurationName = Release;
		};
		040B2DEC2F079B9800D6AF39 /* Build configuration list for PBXNativeTarget "RxSwiftCleanArchitectureMVVM" */ = {
			isa = XCConfigurationList;
			buildConfigurations = (
				040B2DED2F079B9800D6AF39 /* Debug */,
				040B2DEE2F079B9800D6AF39 /* Release */,
			);
			defaultConfigurationIsVisible = 0;
			defaultConfigurationName = Release;
		};
		040B2DF12F079B9800D6AF39 /* Build configuration list for PBXNativeTarget "RxSwiftCleanArchitectureMVVMTests" */ = {
			isa = XCConfigurationList;
			buildConfigurations = (
				040B2DF22F079B9800D6AF39 /* Debug */,
				040B2DF32F079B9800D6AF39 /* Release */,
			);
			defaultConfigurationIsVisible = 0;
			defaultConfigurationName = Release;
		};
		040B2DF42F079B9800D6AF39 /* Build configuration list for PBXNativeTarget "RxSwiftCleanArchitectureMVVMUITests" */ = {
			isa = XCConfigurationList;
			buildConfigurations = (
				040B2DF52F079B9800D6AF39 /* Debug */,
				040B2DF62F079B9800D6AF39 /* Release */,
			);
			defaultConfigurationIsVisible = 0;
			defaultConfigurationName = Release;
		};
/* End XCConfigurationList section */
	};
	rootObject = 040B2DB82F079B9600D6AF39 /* Project object */;
}
